// !$*UTF8*$!
{
	archiveVersion = 1;
	classes = {
	};
	objectVersion = 55;
	objects = {

/* Begin PBXBuildFile section */
		BE39E78027CF082000E1E152 /* Shareable.swift in Sources */ = {isa = PBXBuildFile; fileRef = BE39E77F27CF082000E1E152 /* Shareable.swift */; };
		BE442DD227CAEDF100ACB4D8 /* AppDelegate.swift in Sources */ = {isa = PBXBuildFile; fileRef = BE442DD127CAEDF100ACB4D8 /* AppDelegate.swift */; };
		BE442DD427CAEDF100ACB4D8 /* SceneDelegate.swift in Sources */ = {isa = PBXBuildFile; fileRef = BE442DD327CAEDF100ACB4D8 /* SceneDelegate.swift */; };
		BE442DD627CAEDF100ACB4D8 /* MainTabViewController.swift in Sources */ = {isa = PBXBuildFile; fileRef = BE442DD527CAEDF100ACB4D8 /* MainTabViewController.swift */; };
		BE442DD927CAEDF100ACB4D8 /* Main.storyboard in Resources */ = {isa = PBXBuildFile; fileRef = BE442DD727CAEDF100ACB4D8 /* Main.storyboard */; };
		BE442DDB27CAEDF200ACB4D8 /* Assets.xcassets in Resources */ = {isa = PBXBuildFile; fileRef = BE442DDA27CAEDF200ACB4D8 /* Assets.xcassets */; };
		BE442DDE27CAEDF200ACB4D8 /* LaunchScreen.storyboard in Resources */ = {isa = PBXBuildFile; fileRef = BE442DDC27CAEDF200ACB4D8 /* LaunchScreen.storyboard */; };
		BE442DE627CAEF2F00ACB4D8 /* ComicViewController.swift in Sources */ = {isa = PBXBuildFile; fileRef = BE442DE527CAEF2F00ACB4D8 /* ComicViewController.swift */; };
		BE442DE827CAF07200ACB4D8 /* APIService.swift in Sources */ = {isa = PBXBuildFile; fileRef = BE442DE727CAF07200ACB4D8 /* APIService.swift */; };
		BE442DEA27CAF07E00ACB4D8 /* Comic.swift in Sources */ = {isa = PBXBuildFile; fileRef = BE442DE927CAF07E00ACB4D8 /* Comic.swift */; };
		BE442DEC27CAFEB400ACB4D8 /* ComicView.swift in Sources */ = {isa = PBXBuildFile; fileRef = BE442DEB27CAFEB400ACB4D8 /* ComicView.swift */; };
		BE442DEE27CB186D00ACB4D8 /* ImageLoader.swift in Sources */ = {isa = PBXBuildFile; fileRef = BE442DED27CB186D00ACB4D8 /* ImageLoader.swift */; };
		BE442DF027CB4D5A00ACB4D8 /* ComicArchiveViewController.swift in Sources */ = {isa = PBXBuildFile; fileRef = BE442DEF27CB4D5A00ACB4D8 /* ComicArchiveViewController.swift */; };
		BE58C2FA27CBF39D0066ED76 /* ComicTableViewCell.swift in Sources */ = {isa = PBXBuildFile; fileRef = BE58C2F927CBF39D0066ED76 /* ComicTableViewCell.swift */; };
		BE58C2FD27CBF4780066ED76 /* ComicsDataSource.swift in Sources */ = {isa = PBXBuildFile; fileRef = BE58C2FC27CBF4780066ED76 /* ComicsDataSource.swift */; };
		BE58C2FF27CC0F450066ED76 /* ComicDetailViewController.swift in Sources */ = {isa = PBXBuildFile; fileRef = BE58C2FE27CC0F450066ED76 /* ComicDetailViewController.swift */; };
/* End PBXBuildFile section */

/* Begin PBXFileReference section */
		BE39E77F27CF082000E1E152 /* Shareable.swift */ = {isa = PBXFileReference; lastKnownFileType = sourcecode.swift; path = Shareable.swift; sourceTree = "<group>"; };
		BE442DCE27CAEDF100ACB4D8 /* xkcdStrip.app */ = {isa = PBXFileReference; explicitFileType = wrapper.application; includeInIndex = 0; path = xkcdStrip.app; sourceTree = BUILT_PRODUCTS_DIR; };
		BE442DD127CAEDF100ACB4D8 /* AppDelegate.swift */ = {isa = PBXFileReference; lastKnownFileType = sourcecode.swift; path = AppDelegate.swift; sourceTree = "<group>"; };
		BE442DD327CAEDF100ACB4D8 /* SceneDelegate.swift */ = {isa = PBXFileReference; lastKnownFileType = sourcecode.swift; path = SceneDelegate.swift; sourceTree = "<group>"; };
		BE442DD527CAEDF100ACB4D8 /* MainTabViewController.swift */ = {isa = PBXFileReference; lastKnownFileType = sourcecode.swift; path = MainTabViewController.swift; sourceTree = "<group>"; };
		BE442DD827CAEDF100ACB4D8 /* Base */ = {isa = PBXFileReference; lastKnownFileType = file.storyboard; name = Base; path = Base.lproj/Main.storyboard; sourceTree = "<group>"; };
		BE442DDA27CAEDF200ACB4D8 /* Assets.xcassets */ = {isa = PBXFileReference; lastKnownFileType = folder.assetcatalog; path = Assets.xcassets; sourceTree = "<group>"; };
		BE442DDD27CAEDF200ACB4D8 /* Base */ = {isa = PBXFileReference; lastKnownFileType = file.storyboard; name = Base; path = Base.lproj/LaunchScreen.storyboard; sourceTree = "<group>"; };
		BE442DDF27CAEDF200ACB4D8 /* Info.plist */ = {isa = PBXFileReference; lastKnownFileType = text.plist.xml; path = Info.plist; sourceTree = "<group>"; };
		BE442DE527CAEF2F00ACB4D8 /* ComicViewController.swift */ = {isa = PBXFileReference; lastKnownFileType = sourcecode.swift; path = ComicViewController.swift; sourceTree = "<group>"; };
		BE442DE727CAF07200ACB4D8 /* APIService.swift */ = {isa = PBXFileReference; lastKnownFileType = sourcecode.swift; path = APIService.swift; sourceTree = "<group>"; };
		BE442DE927CAF07E00ACB4D8 /* Comic.swift */ = {isa = PBXFileReference; lastKnownFileType = sourcecode.swift; path = Comic.swift; sourceTree = "<group>"; };
		BE442DEB27CAFEB400ACB4D8 /* ComicView.swift */ = {isa = PBXFileReference; lastKnownFileType = sourcecode.swift; path = ComicView.swift; sourceTree = "<group>"; };
		BE442DED27CB186D00ACB4D8 /* ImageLoader.swift */ = {isa = PBXFileReference; lastKnownFileType = sourcecode.swift; path = ImageLoader.swift; sourceTree = "<group>"; };
		BE442DEF27CB4D5A00ACB4D8 /* ComicArchiveViewController.swift */ = {isa = PBXFileReference; lastKnownFileType = sourcecode.swift; path = ComicArchiveViewController.swift; sourceTree = "<group>"; };
		BE58C2F927CBF39D0066ED76 /* ComicTableViewCell.swift */ = {isa = PBXFileReference; lastKnownFileType = sourcecode.swift; path = ComicTableViewCell.swift; sourceTree = "<group>"; };
		BE58C2FC27CBF4780066ED76 /* ComicsDataSource.swift */ = {isa = PBXFileReference; lastKnownFileType = sourcecode.swift; path = ComicsDataSource.swift; sourceTree = "<group>"; };
		BE58C2FE27CC0F450066ED76 /* ComicDetailViewController.swift */ = {isa = PBXFileReference; lastKnownFileType = sourcecode.swift; path = ComicDetailViewController.swift; sourceTree = "<group>"; };
/* End PBXFileReference section */

/* Begin PBXFrameworksBuildPhase section */
		BE442DCB27CAEDF100ACB4D8 /* Frameworks */ = {
			isa = PBXFrameworksBuildPhase;
			buildActionMask = 2147483647;
			files = (
			);
			runOnlyForDeploymentPostprocessing = 0;
		};
/* End PBXFrameworksBuildPhase section */

/* Begin PBXGroup section */
		BE39E77E27CF07F600E1E152 /* Protocols */ = {
			isa = PBXGroup;
			children = (
				BE39E77F27CF082000E1E152 /* Shareable.swift */,
			);
			path = Protocols;
			sourceTree = "<group>";
		};
		BE442DC527CAEDF100ACB4D8 = {
			isa = PBXGroup;
			children = (
				BE442DD027CAEDF100ACB4D8 /* xkcdStrip */,
				BE442DCF27CAEDF100ACB4D8 /* Products */,
			);
			sourceTree = "<group>";
		};
		BE442DCF27CAEDF100ACB4D8 /* Products */ = {
			isa = PBXGroup;
			children = (
				BE442DCE27CAEDF100ACB4D8 /* xkcdStrip.app */,
			);
			name = Products;
			sourceTree = "<group>";
		};
		BE442DD027CAEDF100ACB4D8 /* xkcdStrip */ = {
			isa = PBXGroup;
			children = (
				BE442DF527CB4F6100ACB4D8 /* Models */,
				BE442DF427CB4F5A00ACB4D8 /* Views */,
				BE442DF327CB4F4F00ACB4D8 /* Utils */,
				BE442DF127CB4F2400ACB4D8 /* Screens */,
				BE442DF227CB4F3200ACB4D8 /* Support */,
			);
			path = xkcdStrip;
			sourceTree = "<group>";
		};
		BE442DF127CB4F2400ACB4D8 /* Screens */ = {
			isa = PBXGroup;
			children = (
				BE442DD527CAEDF100ACB4D8 /* MainTabViewController.swift */,
				BE442DE527CAEF2F00ACB4D8 /* ComicViewController.swift */,
				BE442DEF27CB4D5A00ACB4D8 /* ComicArchiveViewController.swift */,
				BE58C2FE27CC0F450066ED76 /* ComicDetailViewController.swift */,
			);
			path = Screens;
			sourceTree = "<group>";
		};
		BE442DF227CB4F3200ACB4D8 /* Support */ = {
			isa = PBXGroup;
			children = (
				BE442DDF27CAEDF200ACB4D8 /* Info.plist */,
				BE442DD127CAEDF100ACB4D8 /* AppDelegate.swift */,
				BE442DD327CAEDF100ACB4D8 /* SceneDelegate.swift */,
				BE442DD727CAEDF100ACB4D8 /* Main.storyboard */,
				BE442DDA27CAEDF200ACB4D8 /* Assets.xcassets */,
				BE442DDC27CAEDF200ACB4D8 /* LaunchScreen.storyboard */,
			);
			name = Support;
			sourceTree = "<group>";
		};
		BE442DF327CB4F4F00ACB4D8 /* Utils */ = {
			isa = PBXGroup;
			children = (
				BE442DED27CB186D00ACB4D8 /* ImageLoader.swift */,
			);
			path = Utils;
			sourceTree = "<group>";
		};
		BE442DF427CB4F5A00ACB4D8 /* Views */ = {
			isa = PBXGroup;
			children = (
				BE58C2F827CBF1900066ED76 /* Cells */,
				BE442DEB27CAFEB400ACB4D8 /* ComicView.swift */,
			);
			path = Views;
			sourceTree = "<group>";
		};
		BE442DF527CB4F6100ACB4D8 /* Models */ = {
			isa = PBXGroup;
			children = (
				BE39E77E27CF07F600E1E152 /* Protocols */,
				BE58C2FB27CBF4680066ED76 /* DataSources */,
				BE442DE727CAF07200ACB4D8 /* APIService.swift */,
				BE442DE927CAF07E00ACB4D8 /* Comic.swift */,
			);
			path = Models;
			sourceTree = "<group>";
		};
		BE58C2F827CBF1900066ED76 /* Cells */ = {
			isa = PBXGroup;
			children = (
				BE58C2F927CBF39D0066ED76 /* ComicTableViewCell.swift */,
			);
			path = Cells;
			sourceTree = "<group>";
		};
		BE58C2FB27CBF4680066ED76 /* DataSources */ = {
			isa = PBXGroup;
			children = (
				BE58C2FC27CBF4780066ED76 /* ComicsDataSource.swift */,
			);
			path = DataSources;
			sourceTree = "<group>";
		};
/* End PBXGroup section */

/* Begin PBXNativeTarget section */
		BE442DCD27CAEDF100ACB4D8 /* xkcdStrip */ = {
			isa = PBXNativeTarget;
			buildConfigurationList = BE442DE227CAEDF200ACB4D8 /* Build configuration list for PBXNativeTarget "xkcdStrip" */;
			buildPhases = (
				BE442DCA27CAEDF100ACB4D8 /* Sources */,
				BE442DCB27CAEDF100ACB4D8 /* Frameworks */,
				BE442DCC27CAEDF100ACB4D8 /* Resources */,
			);
			buildRules = (
			);
			dependencies = (
			);
			name = xkcdStrip;
			productName = xkcdStrip;
			productReference = BE442DCE27CAEDF100ACB4D8 /* xkcdStrip.app */;
			productType = "com.apple.product-type.application";
		};
/* End PBXNativeTarget section */

/* Begin PBXProject section */
		BE442DC627CAEDF100ACB4D8 /* Project object */ = {
			isa = PBXProject;
			attributes = {
				BuildIndependentTargetsInParallel = 1;
				LastSwiftUpdateCheck = 1310;
				LastUpgradeCheck = 1310;
				TargetAttributes = {
					BE442DCD27CAEDF100ACB4D8 = {
						CreatedOnToolsVersion = 13.1;
					};
				};
			};
			buildConfigurationList = BE442DC927CAEDF100ACB4D8 /* Build configuration list for PBXProject "xkcdStrip" */;
			compatibilityVersion = "Xcode 13.0";
			developmentRegion = en;
			hasScannedForEncodings = 0;
			knownRegions = (
				en,
				Base,
			);
			mainGroup = BE442DC527CAEDF100ACB4D8;
			productRefGroup = BE442DCF27CAEDF100ACB4D8 /* Products */;
			projectDirPath = "";
			projectRoot = "";
			targets = (
				BE442DCD27CAEDF100ACB4D8 /* xkcdStrip */,
			);
		};
/* End PBXProject section */

/* Begin PBXResourcesBuildPhase section */
		BE442DCC27CAEDF100ACB4D8 /* Resources */ = {
			isa = PBXResourcesBuildPhase;
			buildActionMask = 2147483647;
			files = (
				BE442DDE27CAEDF200ACB4D8 /* LaunchScreen.storyboard in Resources */,
				BE442DDB27CAEDF200ACB4D8 /* Assets.xcassets in Resources */,
				BE442DD927CAEDF100ACB4D8 /* Main.storyboard in Resources */,
			);
			runOnlyForDeploymentPostprocessing = 0;
		};
/* End PBXResourcesBuildPhase section */

/* Begin PBXSourcesBuildPhase section */
		BE442DCA27CAEDF100ACB4D8 /* Sources */ = {
			isa = PBXSourcesBuildPhase;
			buildActionMask = 2147483647;
			files = (
				BE442DE627CAEF2F00ACB4D8 /* ComicViewController.swift in Sources */,
				BE442DE827CAF07200ACB4D8 /* APIService.swift in Sources */,
				BE442DEA27CAF07E00ACB4D8 /* Comic.swift in Sources */,
				BE58C2FA27CBF39D0066ED76 /* ComicTableViewCell.swift in Sources */,
				BE442DD627CAEDF100ACB4D8 /* MainTabViewController.swift in Sources */,
				BE58C2FD27CBF4780066ED76 /* ComicsDataSource.swift in Sources */,
				BE39E78027CF082000E1E152 /* Shareable.swift in Sources */,
				BE442DD227CAEDF100ACB4D8 /* AppDelegate.swift in Sources */,
				BE58C2FF27CC0F450066ED76 /* ComicDetailViewController.swift in Sources */,
				BE442DF027CB4D5A00ACB4D8 /* ComicArchiveViewController.swift in Sources */,
				BE442DD427CAEDF100ACB4D8 /* SceneDelegate.swift in Sources */,
				BE442DEE27CB186D00ACB4D8 /* ImageLoader.swift in Sources */,
				BE442DEC27CAFEB400ACB4D8 /* ComicView.swift in Sources */,
			);
			runOnlyForDeploymentPostprocessing = 0;
		};
/* End PBXSourcesBuildPhase section */

/* Begin PBXVariantGroup section */
		BE442DD727CAEDF100ACB4D8 /* Main.storyboard */ = {
			isa = PBXVariantGroup;
			children = (
				BE442DD827CAEDF100ACB4D8 /* Base */,
			);
			name = Main.storyboard;
			sourceTree = "<group>";
		};
		BE442DDC27CAEDF200ACB4D8 /* LaunchScreen.storyboard */ = {
			isa = PBXVariantGroup;
			children = (
				BE442DDD27CAEDF200ACB4D8 /* Base */,
			);
			name = LaunchScreen.storyboard;
			sourceTree = "<group>";
		};
/* End PBXVariantGroup section */

/* Begin XCBuildConfiguration section */
		BE442DE027CAEDF200ACB4D8 /* Debug */ = {
			isa = XCBuildConfiguration;
			buildSettings = {
				ALWAYS_SEARCH_USER_PATHS = NO;
				CLANG_ANALYZER_NONNULL = YES;
				CLANG_ANALYZER_NUMBER_OBJECT_CONVERSION = YES_AGGRESSIVE;
				CLANG_CXX_LANGUAGE_STANDARD = "gnu++17";
				CLANG_CXX_LIBRARY = "libc++";
				CLANG_ENABLE_MODULES = YES;
				CLANG_ENABLE_OBJC_ARC = YES;
				CLANG_ENABLE_OBJC_WEAK = YES;
				CLANG_WARN_BLOCK_CAPTURE_AUTORELEASING = YES;
				CLANG_WARN_BOOL_CONVERSION = YES;
				CLANG_WARN_COMMA = YES;
				CLANG_WARN_CONSTANT_CONVERSION = YES;
				CLANG_WARN_DEPRECATED_OBJC_IMPLEMENTATIONS = YES;
				CLANG_WARN_DIRECT_OBJC_ISA_USAGE = YES_ERROR;
				CLANG_WARN_DOCUMENTATION_COMMENTS = YES;
				CLANG_WARN_EMPTY_BODY = YES;
				CLANG_WARN_ENUM_CONVERSION = YES;
				CLANG_WARN_INFINITE_RECURSION = YES;
				CLANG_WARN_INT_CONVERSION = YES;
				CLANG_WARN_NON_LITERAL_NULL_CONVERSION = YES;
				CLANG_WARN_OBJC_IMPLICIT_RETAIN_SELF = YES;
				CLANG_WARN_OBJC_LITERAL_CONVERSION = YES;
				CLANG_WARN_OBJC_ROOT_CLASS = YES_ERROR;
				CLANG_WARN_QUOTED_INCLUDE_IN_FRAMEWORK_HEADER = YES;
				CLANG_WARN_RANGE_LOOP_ANALYSIS = YES;
				CLANG_WARN_STRICT_PROTOTYPES = YES;
				CLANG_WARN_SUSPICIOUS_MOVE = YES;
				CLANG_WARN_UNGUARDED_AVAILABILITY = YES_AGGRESSIVE;
				CLANG_WARN_UNREACHABLE_CODE = YES;
				CLANG_WARN__DUPLICATE_METHOD_MATCH = YES;
				COPY_PHASE_STRIP = NO;
				DEBUG_INFORMATION_FORMAT = dwarf;
				ENABLE_STRICT_OBJC_MSGSEND = YES;
				ENABLE_TESTABILITY = YES;
				GCC_C_LANGUAGE_STANDARD = gnu11;
				GCC_DYNAMIC_NO_PIC = NO;
				GCC_NO_COMMON_BLOCKS = YES;
				GCC_OPTIMIZATION_LEVEL = 0;
				GCC_PREPROCESSOR_DEFINITIONS = (
					"DEBUG=1",
					"$(inherited)",
				);
				GCC_WARN_64_TO_32_BIT_CONVERSION = YES;
				GCC_WARN_ABOUT_RETURN_TYPE = YES_ERROR;
				GCC_WARN_UNDECLARED_SELECTOR = YES;
				GCC_WARN_UNINITIALIZED_AUTOS = YES_AGGRESSIVE;
				GCC_WARN_UNUSED_FUNCTION = YES;
				GCC_WARN_UNUSED_VARIABLE = YES;
				IPHONEOS_DEPLOYMENT_TARGET = 15.0;
				MTL_ENABLE_DEBUG_INFO = INCLUDE_SOURCE;
				MTL_FAST_MATH = YES;
				ONLY_ACTIVE_ARCH = YES;
				SDKROOT = iphoneos;
				SWIFT_ACTIVE_COMPILATION_CONDITIONS = DEBUG;
				SWIFT_OPTIMIZATION_LEVEL = "-Onone";
			};
			name = Debug;
		};
		BE442DE127CAEDF200ACB4D8 /* Release */ = {
			isa = XCBuildConfiguration;
			buildSettings = {
				ALWAYS_SEARCH_USER_PATHS = NO;
				CLANG_ANALYZER_NONNULL = YES;
				CLANG_ANALYZER_NUMBER_OBJECT_CONVERSION = YES_AGGRESSIVE;
				CLANG_CXX_LANGUAGE_STANDARD = "gnu++17";
				CLANG_CXX_LIBRARY = "libc++";
				CLANG_ENABLE_MODULES = YES;
				CLANG_ENABLE_OBJC_ARC = YES;
				CLANG_ENABLE_OBJC_WEAK = YES;
				CLANG_WARN_BLOCK_CAPTURE_AUTORELEASING = YES;
				CLANG_WARN_BOOL_CONVERSION = YES;
				CLANG_WARN_COMMA = YES;
				CLANG_WARN_CONSTANT_CONVERSION = YES;
				CLANG_WARN_DEPRECATED_OBJC_IMPLEMENTATIONS = YES;
				CLANG_WARN_DIRECT_OBJC_ISA_USAGE = YES_ERROR;
				CLANG_WARN_DOCUMENTATION_COMMENTS = YES;
				CLANG_WARN_EMPTY_BODY = YES;
				CLANG_WARN_ENUM_CONVERSION = YES;
				CLANG_WARN_INFINITE_RECURSION = YES;
				CLANG_WARN_INT_CONVERSION = YES;
				CLANG_WARN_NON_LITERAL_NULL_CONVERSION = YES;
				CLANG_WARN_OBJC_IMPLICIT_RETAIN_SELF = YES;
				CLANG_WARN_OBJC_LITERAL_CONVERSION = YES;
				CLANG_WARN_OBJC_ROOT_CLASS = YES_ERROR;
				CLANG_WARN_QUOTED_INCLUDE_IN_FRAMEWORK_HEADER = YES;
				CLANG_WARN_RANGE_LOOP_ANALYSIS = YES;
				CLANG_WARN_STRICT_PROTOTYPES = YES;
				CLANG_WARN_SUSPICIOUS_MOVE = YES;
				CLANG_WARN_UNGUARDED_AVAILABILITY = YES_AGGRESSIVE;
				CLANG_WARN_UNREACHABLE_CODE = YES;
				CLANG_WARN__DUPLICATE_METHOD_MATCH = YES;
				COPY_PHASE_STRIP = NO;
				DEBUG_INFORMATION_FORMAT = "dwarf-with-dsym";
				ENABLE_NS_ASSERTIONS = NO;
				ENABLE_STRICT_OBJC_MSGSEND = YES;
				GCC_C_LANGUAGE_STANDARD = gnu11;
				GCC_NO_COMMON_BLOCKS = YES;
				GCC_WARN_64_TO_32_BIT_CONVERSION = YES;
				GCC_WARN_ABOUT_RETURN_TYPE = YES_ERROR;
				GCC_WARN_UNDECLARED_SELECTOR = YES;
				GCC_WARN_UNINITIALIZED_AUTOS = YES_AGGRESSIVE;
				GCC_WARN_UNUSED_FUNCTION = YES;
				GCC_WARN_UNUSED_VARIABLE = YES;
				IPHONEOS_DEPLOYMENT_TARGET = 15.0;
				MTL_ENABLE_DEBUG_INFO = NO;
				MTL_FAST_MATH = YES;
				SDKROOT = iphoneos;
				SWIFT_COMPILATION_MODE = wholemodule;
				SWIFT_OPTIMIZATION_LEVEL = "-O";
				VALIDATE_PRODUCT = YES;
			};
			name = Release;
		};
		BE442DE327CAEDF200ACB4D8 /* Debug */ = {
			isa = XCBuildConfiguration;
			buildSettings = {
				ASSETCATALOG_COMPILER_APPICON_NAME = AppIcon;
				ASSETCATALOG_COMPILER_GLOBAL_ACCENT_COLOR_NAME = AccentColor;
				CODE_SIGN_STYLE = Automatic;
				CURRENT_PROJECT_VERSION = 1;
				DEVELOPMENT_TEAM = 7QBR6L4T36;
				GENERATE_INFOPLIST_FILE = YES;
				INFOPLIST_FILE = xkcdStrip/Info.plist;
				INFOPLIST_KEY_UIApplicationSupportsIndirectInputEvents = YES;
				INFOPLIST_KEY_UILaunchStoryboardName = LaunchScreen;
				INFOPLIST_KEY_UISupportedInterfaceOrientations_iPad = "UIInterfaceOrientationPortrait UIInterfaceOrientationPortraitUpsideDown UIInterfaceOrientationLandscapeLeft UIInterfaceOrientationLandscapeRight";
				INFOPLIST_KEY_UISupportedInterfaceOrientations_iPhone = "UIInterfaceOrientationPortrait UIInterfaceOrientationLandscapeLeft UIInterfaceOrientationLandscapeRight";
				LD_RUNPATH_SEARCH_PATHS = (
					"$(inherited)",
					"@executable_path/Frameworks",
				);
				MARKETING_VERSION = 1.0;
				PRODUCT_BUNDLE_IDENTIFIER = com.jmanuelzaragoza.xkcdStrip;
				PRODUCT_NAME = "$(TARGET_NAME)";
				SWIFT_EMIT_LOC_STRINGS = YES;
				SWIFT_VERSION = 5.0;
				TARGETED_DEVICE_FAMILY = 1;
			};
			name = Debug;
		};
		BE442DE427CAEDF200ACB4D8 /* Release */ = {
			isa = XCBuildConfiguration;
			buildSettings = {
				ASSETCATALOG_COMPILER_APPICON_NAME = AppIcon;
				ASSETCATALOG_COMPILER_GLOBAL_ACCENT_COLOR_NAME = AccentColor;
				CODE_SIGN_STYLE = Automatic;
				CURRENT_PROJECT_VERSION = 1;
				DEVELOPMENT_TEAM = 7QBR6L4T36;
				GENERATE_INFOPLIST_FILE = YES;
				INFOPLIST_FILE = xkcdStrip/Info.plist;
				INFOPLIST_KEY_UIApplicationSupportsIndirectInputEvents = YES;
				INFOPLIST_KEY_UILaunchStoryboardName = LaunchScreen;
				INFOPLIST_KEY_UISupportedInterfaceOrientations_iPad = "UIInterfaceOrientationPortrait UIInterfaceOrientationPortraitUpsideDown UIInterfaceOrientationLandscapeLeft UIInterfaceOrientationLandscapeRight";
				INFOPLIST_KEY_UISupportedInterfaceOrientations_iPhone = "UIInterfaceOrientationPortrait UIInterfaceOrientationLandscapeLeft UIInterfaceOrientationLandscapeRight";
				LD_RUNPATH_SEARCH_PATHS = (
					"$(inherited)",
					"@executable_path/Frameworks",
				);
				MARKETING_VERSION = 1.0;
				PRODUCT_BUNDLE_IDENTIFIER = com.jmanuelzaragoza.xkcdStrip;
				PRODUCT_NAME = "$(TARGET_NAME)";
				SWIFT_EMIT_LOC_STRINGS = YES;
				SWIFT_VERSION = 5.0;
				TARGETED_DEVICE_FAMILY = 1;
			};
			name = Release;
		};
/* End XCBuildConfiguration section */

/* Begin XCConfigurationList section */
		BE442DC927CAEDF100ACB4D8 /* Build configuration list for PBXProject "xkcdStrip" */ = {
			isa = XCConfigurationList;
			buildConfigurations = (
				BE442DE027CAEDF200ACB4D8 /* Debug */,
				BE442DE127CAEDF200ACB4D8 /* Release */,
			);
			defaultConfigurationIsVisible = 0;
			defaultConfigurationName = Release;
		};
		BE442DE227CAEDF200ACB4D8 /* Build configuration list for PBXNativeTarget "xkcdStrip" */ = {
			isa = XCConfigurationList;
			buildConfigurations = (
				BE442DE327CAEDF200ACB4D8 /* Debug */,
				BE442DE427CAEDF200ACB4D8 /* Release */,
			);
			defaultConfigurationIsVisible = 0;
			defaultConfigurationName = Release;
		};
/* End XCConfigurationList section */
	};
	rootObject = BE442DC627CAEDF100ACB4D8 /* Project object */;
}
